
Microsoft Visual Studio Solution File, Format Version 12.00
# Visual Studio Version 17
VisualStudioVersion = 17.14.36212.18
MinimumVisualStudioVersion = 10.0.40219.1
Project("{8BC9CEB8-8B4A-11D0-8D11-00A0C91BC942}") = "LinearList", "LinearList\LinearList.vcxproj", "{B534DF31-030C-47B6-9C88-D805DDDAC6BC}"
EndProject
Project("{2150E333-8FDC-42A3-9474-1A3956D46DE8}") = "Class", "Class", "{C8D5274F-AC00-46C7-1F8D-E88E81087A52}"
EndProject
Project("{8BC9CEB8-8B4A-11D0-8D11-00A0C91BC942}") = "OrdLinkedList", "OrdLinkedList\OrdLinkedList.vcxproj", "{713650E5-4293-4120-A38D-4C0FA30D5927}"
EndProject
Project("{8BC9CEB8-8B4A-11D0-8D11-00A0C91BC942}") = "LinkedList", "LinkedList\LinkedList.vcxproj", "{D6F4CB7E-334D-4374-86D3-3790002713A7}"
EndProject
Project("{8BC9CEB8-8B4A-11D0-8D11-00A0C91BC942}") = "DoubleCircularLinkedList", "DoubleCircularLinkedList\DoubleCircularLinkedList.vcxproj", "{93F252B7-7C63-4FB4-8B94-CEB904C43510}"
EndProject
Project("{2150E333-8FDC-42A3-9474-1A3956D46DE8}") = "Assignments", "Assignments", "{E48D9185-18FC-4A19-8B12-F3E57CD42C20}"
EndProject
Project("{8BC9CEB8-8B4A-11D0-8D11-00A0C91BC942}") = "Assignment13", "Assignment13\Assignment13.vcxproj", "{D09F8050-813F-45AE-9906-0F4F40051857}"
EndProject
Project("{8BC9CEB8-8B4A-11D0-8D11-00A0C91BC942}") = "Assignment14", "Assignment14\Assignment14.vcxproj", "{6EC879EE-AC2A-4D0A-BD78-5C6E4A70CA88}"
EndProject
Project("{8BC9CEB8-8B4A-11D0-8D11-00A0C91BC942}") = "Assignment15", "Assignment15\Assignment15.vcxproj", "{8309CA1F-3A54-416F-A749-22FFE9A16BA6}"
EndProject
Project("{8BC9CEB8-8B4A-11D0-8D11-00A0C91BC942}") = "Assignment16", "Assignment16\Assignment16.vcxproj", "{DC0FF2FB-624D-4796-BB4C-726A6600916F}"
EndProject
Project("{8BC9CEB8-8B4A-11D0-8D11-00A0C91BC942}") = "Stack", "Stack\Stack.vcxproj", "{25DDABAC-7D8A-4A80-9424-7323F081DD42}"
EndProject
Project("{2150E333-8FDC-42A3-9474-1A3956D46DE8}") = "Examples", "Examples", "{D631D21A-3A47-4D40-9D56-9E1FE1B0BFE7}"
EndProject
Project("{8BC9CEB8-8B4A-11D0-8D11-00A0C91BC942}") = "Assignments1To12", "Assignments1To12\Assignments1To12.vcxproj", "{D150DECB-C179-4125-ADBC-D27CF4D5BDD7}"
EndProject
Project("{8BC9CEB8-8B4A-11D0-8D11-00A0C91BC942}") = "StackPostfix", "StackPostfix\StackPostfix.vcxproj", "{DACE9365-6CBE-4265-A70C-362A9DA2F36E}"
EndProject
Project("{8BC9CEB8-8B4A-11D0-8D11-00A0C91BC942}") = "DblCircLinkedListPoly", "DblCircLinkedListPoly\DblCircLinkedListPoly.vcxproj", "{3F9CFC6A-B326-4D8D-99BD-83C9CA36711F}"
EndProject
Global
	GlobalSection(SolutionConfigurationPlatforms) = preSolution
		Debug|x64 = Debug|x64
		Debug|x86 = Debug|x86
		Release|x64 = Release|x64
		Release|x86 = Release|x86
	EndGlobalSection
	GlobalSection(ProjectConfigurationPlatforms) = postSolution
		{B534DF31-030C-47B6-9C88-D805DDDAC6BC}.Debug|x64.ActiveCfg = Debug|x64
		{B534DF31-030C-47B6-9C88-D805DDDAC6BC}.Debug|x64.Build.0 = Debug|x64
		{B534DF31-030C-47B6-9C88-D805DDDAC6BC}.Debug|x86.ActiveCfg = Debug|Win32
		{B534DF31-030C-47B6-9C88-D805DDDAC6BC}.Debug|x86.Build.0 = Debug|Win32
		{B534DF31-030C-47B6-9C88-D805DDDAC6BC}.Release|x64.ActiveCfg = Release|x64
		{B534DF31-030C-47B6-9C88-D805DDDAC6BC}.Release|x64.Build.0 = Release|x64
		{B534DF31-030C-47B6-9C88-D805DDDAC6BC}.Release|x86.ActiveCfg = Release|Win32
		{B534DF31-030C-47B6-9C88-D805DDDAC6BC}.Release|x86.Build.0 = Release|Win32
		{713650E5-4293-4120-A38D-4C0FA30D5927}.Debug|x64.ActiveCfg = Debug|x64
		{713650E5-4293-4120-A38D-4C0FA30D5927}.Debug|x64.Build.0 = Debug|x64
		{713650E5-4293-4120-A38D-4C0FA30D5927}.Debug|x86.ActiveCfg = Debug|Win32
		{713650E5-4293-4120-A38D-4C0FA30D5927}.Debug|x86.Build.0 = Debug|Win32
		{713650E5-4293-4120-A38D-4C0FA30D5927}.Release|x64.ActiveCfg = Release|x64
		{713650E5-4293-4120-A38D-4C0FA30D5927}.Release|x64.Build.0 = Release|x64
		{713650E5-4293-4120-A38D-4C0FA30D5927}.Release|x86.ActiveCfg = Release|Win32
		{713650E5-4293-4120-A38D-4C0FA30D5927}.Release|x86.Build.0 = Release|Win32
		{D6F4CB7E-334D-4374-86D3-3790002713A7}.Debug|x64.ActiveCfg = Debug|x64
		{D6F4CB7E-334D-4374-86D3-3790002713A7}.Debug|x64.Build.0 = Debug|x64
		{D6F4CB7E-334D-4374-86D3-3790002713A7}.Debug|x86.ActiveCfg = Debug|Win32
		{D6F4CB7E-334D-4374-86D3-3790002713A7}.Debug|x86.Build.0 = Debug|Win32
		{D6F4CB7E-334D-4374-86D3-3790002713A7}.Release|x64.ActiveCfg = Release|x64
		{D6F4CB7E-334D-4374-86D3-3790002713A7}.Release|x64.Build.0 = Release|x64
		{D6F4CB7E-334D-4374-86D3-3790002713A7}.Release|x86.ActiveCfg = Release|Win32
		{D6F4CB7E-334D-4374-86D3-3790002713A7}.Release|x86.Build.0 = Release|Win32
		{93F252B7-7C63-4FB4-8B94-CEB904C43510}.Debug|x64.ActiveCfg = Debug|x64
		{93F252B7-7C63-4FB4-8B94-CEB904C43510}.Debug|x64.Build.0 = Debug|x64
		{93F252B7-7C63-4FB4-8B94-CEB904C43510}.Debug|x86.ActiveCfg = Debug|Win32
		{93F252B7-7C63-4FB4-8B94-CEB904C43510}.Debug|x86.Build.0 = Debug|Win32
		{93F252B7-7C63-4FB4-8B94-CEB904C43510}.Release|x64.ActiveCfg = Release|x64
		{93F252B7-7C63-4FB4-8B94-CEB904C43510}.Release|x64.Build.0 = Release|x64
		{93F252B7-7C63-4FB4-8B94-CEB904C43510}.Release|x86.ActiveCfg = Release|Win32
		{93F252B7-7C63-4FB4-8B94-CEB904C43510}.Release|x86.Build.0 = Release|Win32
		{D09F8050-813F-45AE-9906-0F4F40051857}.Debug|x64.ActiveCfg = Debug|x64
		{D09F8050-813F-45AE-9906-0F4F40051857}.Debug|x64.Build.0 = Debug|x64
		{D09F8050-813F-45AE-9906-0F4F40051857}.Debug|x86.ActiveCfg = Debug|Win32
		{D09F8050-813F-45AE-9906-0F4F40051857}.Debug|x86.Build.0 = Debug|Win32
		{D09F8050-813F-45AE-9906-0F4F40051857}.Release|x64.ActiveCfg = Release|x64
		{D09F8050-813F-45AE-9906-0F4F40051857}.Release|x64.Build.0 = Release|x64
		{D09F8050-813F-45AE-9906-0F4F40051857}.Release|x86.ActiveCfg = Release|Win32
		{D09F8050-813F-45AE-9906-0F4F40051857}.Release|x86.Build.0 = Release|Win32
		{6EC879EE-AC2A-4D0A-BD78-5C6E4A70CA88}.Debug|x64.ActiveCfg = Debug|x64
		{6EC879EE-AC2A-4D0A-BD78-5C6E4A70CA88}.Debug|x64.Build.0 = Debug|x64
		{6EC879EE-AC2A-4D0A-BD78-5C6E4A70CA88}.Debug|x86.ActiveCfg = Debug|Win32
		{6EC879EE-AC2A-4D0A-BD78-5C6E4A70CA88}.Debug|x86.Build.0 = Debug|Win32
		{6EC879EE-AC2A-4D0A-BD78-5C6E4A70CA88}.Release|x64.ActiveCfg = Release|x64
		{6EC879EE-AC2A-4D0A-BD78-5C6E4A70CA88}.Release|x64.Build.0 = Release|x64
		{6EC879EE-AC2A-4D0A-BD78-5C6E4A70CA88}.Release|x86.ActiveCfg = Release|Win32
		{6EC879EE-AC2A-4D0A-BD78-5C6E4A70CA88}.Release|x86.Build.0 = Release|Win32
		{8309CA1F-3A54-416F-A749-22FFE9A16BA6}.Debug|x64.ActiveCfg = Debug|x64
		{8309CA1F-3A54-416F-A749-22FFE9A16BA6}.Debug|x64.Build.0 = Debug|x64
		{8309CA1F-3A54-416F-A749-22FFE9A16BA6}.Debug|x86.ActiveCfg = Debug|Win32
		{8309CA1F-3A54-416F-A749-22FFE9A16BA6}.Debug|x86.Build.0 = Debug|Win32
		{8309CA1F-3A54-416F-A749-22FFE9A16BA6}.Release|x64.ActiveCfg = Release|x64
		{8309CA1F-3A54-416F-A749-22FFE9A16BA6}.Release|x64.Build.0 = Release|x64
		{8309CA1F-3A54-416F-A749-22FFE9A16BA6}.Release|x86.ActiveCfg = Release|Win32
		{8309CA1F-3A54-416F-A749-22FFE9A16BA6}.Release|x86.Build.0 = Release|Win32
		{DC0FF2FB-624D-4796-BB4C-726A6600916F}.Debug|x64.ActiveCfg = Debug|x64
		{DC0FF2FB-624D-4796-BB4C-726A6600916F}.Debug|x64.Build.0 = Debug|x64
		{DC0FF2FB-624D-4796-BB4C-726A6600916F}.Debug|x86.ActiveCfg = Debug|Win32
		{DC0FF2FB-624D-4796-BB4C-726A6600916F}.Debug|x86.Build.0 = Debug|Win32
		{DC0FF2FB-624D-4796-BB4C-726A6600916F}.Release|x64.ActiveCfg = Release|x64
		{DC0FF2FB-624D-4796-BB4C-726A6600916F}.Release|x64.Build.0 = Release|x64
		{DC0FF2FB-624D-4796-BB4C-726A6600916F}.Release|x86.ActiveCfg = Release|Win32
		{DC0FF2FB-624D-4796-BB4C-726A6600916F}.Release|x86.Build.0 = Release|Win32
		{25DDABAC-7D8A-4A80-9424-7323F081DD42}.Debug|x64.ActiveCfg = Debug|x64
		{25DDABAC-7D8A-4A80-9424-7323F081DD42}.Debug|x64.Build.0 = Debug|x64
		{25DDABAC-7D8A-4A80-9424-7323F081DD42}.Debug|x86.ActiveCfg = Debug|Win32
		{25DDABAC-7D8A-4A80-9424-7323F081DD42}.Debug|x86.Build.0 = Debug|Win32
		{25DDABAC-7D8A-4A80-9424-7323F081DD42}.Release|x64.ActiveCfg = Release|x64
		{25DDABAC-7D8A-4A80-9424-7323F081DD42}.Release|x64.Build.0 = Release|x64
		{25DDABAC-7D8A-4A80-9424-7323F081DD42}.Release|x86.ActiveCfg = Release|Win32
		{25DDABAC-7D8A-4A80-9424-7323F081DD42}.Release|x86.Build.0 = Release|Win32
		{D150DECB-C179-4125-ADBC-D27CF4D5BDD7}.Debug|x64.ActiveCfg = Debug|x64
		{D150DECB-C179-4125-ADBC-D27CF4D5BDD7}.Debug|x64.Build.0 = Debug|x64
		{D150DECB-C179-4125-ADBC-D27CF4D5BDD7}.Debug|x86.ActiveCfg = Debug|Win32
		{D150DECB-C179-4125-ADBC-D27CF4D5BDD7}.Debug|x86.Build.0 = Debug|Win32
		{D150DECB-C179-4125-ADBC-D27CF4D5BDD7}.Release|x64.ActiveCfg = Release|x64
		{D150DECB-C179-4125-ADBC-D27CF4D5BDD7}.Release|x64.Build.0 = Release|x64
		{D150DECB-C179-4125-ADBC-D27CF4D5BDD7}.Release|x86.ActiveCfg = Release|Win32
		{D150DECB-C179-4125-ADBC-D27CF4D5BDD7}.Release|x86.Build.0 = Release|Win32
		{DACE9365-6CBE-4265-A70C-362A9DA2F36E}.Debug|x64.ActiveCfg = Debug|x64
		{DACE9365-6CBE-4265-A70C-362A9DA2F36E}.Debug|x64.Build.0 = Debug|x64
		{DACE9365-6CBE-4265-A70C-362A9DA2F36E}.Debug|x86.ActiveCfg = Debug|Win32
		{DACE9365-6CBE-4265-A70C-362A9DA2F36E}.Debug|x86.Build.0 = Debug|Win32
		{DACE9365-6CBE-4265-A70C-362A9DA2F36E}.Release|x64.ActiveCfg = Release|x64
		{DACE9365-6CBE-4265-A70C-362A9DA2F36E}.Release|x64.Build.0 = Release|x64
		{DACE9365-6CBE-4265-A70C-362A9DA2F36E}.Release|x86.ActiveCfg = Release|Win32
		{DACE9365-6CBE-4265-A70C-362A9DA2F36E}.Release|x86.Build.0 = Release|Win32
		{3F9CFC6A-B326-4D8D-99BD-83C9CA36711F}.Debug|x64.ActiveCfg = Debug|x64
		{3F9CFC6A-B326-4D8D-99BD-83C9CA36711F}.Debug|x64.Build.0 = Debug|x64
		{3F9CFC6A-B326-4D8D-99BD-83C9CA36711F}.Debug|x86.ActiveCfg = Debug|Win32
		{3F9CFC6A-B326-4D8D-99BD-83C9CA36711F}.Debug|x86.Build.0 = Debug|Win32
		{3F9CFC6A-B326-4D8D-99BD-83C9CA36711F}.Release|x64.ActiveCfg = Release|x64
		{3F9CFC6A-B326-4D8D-99BD-83C9CA36711F}.Release|x64.Build.0 = Release|x64
		{3F9CFC6A-B326-4D8D-99BD-83C9CA36711F}.Release|x86.ActiveCfg = Release|Win32
		{3F9CFC6A-B326-4D8D-99BD-83C9CA36711F}.Release|x86.Build.0 = Release|Win32
	EndGlobalSection
	GlobalSection(SolutionProperties) = preSolution
		HideSolutionNode = FALSE
	EndGlobalSection
	GlobalSection(NestedProjects) = preSolution
		{B534DF31-030C-47B6-9C88-D805DDDAC6BC} = {C8D5274F-AC00-46C7-1F8D-E88E81087A52}
		{713650E5-4293-4120-A38D-4C0FA30D5927} = {C8D5274F-AC00-46C7-1F8D-E88E81087A52}
		{D6F4CB7E-334D-4374-86D3-3790002713A7} = {C8D5274F-AC00-46C7-1F8D-E88E81087A52}
		{93F252B7-7C63-4FB4-8B94-CEB904C43510} = {C8D5274F-AC00-46C7-1F8D-E88E81087A52}
		{D09F8050-813F-45AE-9906-0F4F40051857} = {E48D9185-18FC-4A19-8B12-F3E57CD42C20}
		{6EC879EE-AC2A-4D0A-BD78-5C6E4A70CA88} = {E48D9185-18FC-4A19-8B12-F3E57CD42C20}
		{8309CA1F-3A54-416F-A749-22FFE9A16BA6} = {E48D9185-18FC-4A19-8B12-F3E57CD42C20}
		{DC0FF2FB-624D-4796-BB4C-726A6600916F} = {E48D9185-18FC-4A19-8B12-F3E57CD42C20}
		{25DDABAC-7D8A-4A80-9424-7323F081DD42} = {C8D5274F-AC00-46C7-1F8D-E88E81087A52}
		{D150DECB-C179-4125-ADBC-D27CF4D5BDD7} = {E48D9185-18FC-4A19-8B12-F3E57CD42C20}
		{DACE9365-6CBE-4265-A70C-362A9DA2F36E} = {D631D21A-3A47-4D40-9D56-9E1FE1B0BFE7}
		{3F9CFC6A-B326-4D8D-99BD-83C9CA36711F} = {D631D21A-3A47-4D40-9D56-9E1FE1B0BFE7}
	EndGlobalSection
	GlobalSection(ExtensibilityGlobals) = postSolution
		SolutionGuid = {DD23E229-6781-4F38-BD14-3CD80341E86E}
	EndGlobalSection
EndGlobal
